{
  "requires": true,
  "lockfileVersion": 1,
  "dependencies": {
    "haskell": {
      "version": "0.4.1",
      "resolved": "https://registry.npmjs.org/haskell/-/haskell-0.4.1.tgz",
      "integrity": "sha1-eYmm3vT8iFkFjw+oaD0x4URZc7o="
    },
    "javac": {
      "version": "1.0.0",
      "resolved": "https://registry.npmjs.org/javac/-/javac-1.0.0.tgz",
      "integrity": "sha512-It8p8MZ2JnoTL/bGbCWfoPAXZ2Sj0yVo0SJ2qe3Y7JNqyGUh2D3bJ2caiRsm3u6ccmCC1EbJbaW+YOTCMKgVEg=="
    }
  }
}
